{
  "name": "SpriteGameGen",
  "lockfileVersion": 3,
  "requires": true,
  "packages": {
    "": {
      "dependencies": {
        "opencode-goal-plugin": "^0.6.5"
      }
    },
    "node_modules/opencode-goal-plugin": {
      "version": "0.6.5",
      "resolved": "https://registry.npmjs.org/opencode-goal-plugin/-/opencode-goal-plugin-0.6.5.tgz",
      "integrity": "sha512-dnT5Ee+s994msxHj1Q8wzD9o7IsB5ZNu1nJrrF0Fed1LSArkh82AAr3ovtoQB6mmYeDKBMi2/B5rAgJ7NyriMw==",
      "license": "MIT",
      "bin": {
        "opencode-goal-plugin": "scripts/verify.mjs"
      },
      "engines": {
        "node": ">=18",
        "opencode": ">=1.17.15 <2"
      },
      "peerDependencies": {
        "@opencode-ai/plugin": ">=1.17.15 <2"
      },
      "peerDependenciesMeta": {
        "@opencode-ai/plugin": {
          "optional": true
        }
      }
    }
  }
}
